
Microsoft Visual Studio Solution File, Format Version 12.00
# Visual Studio 15
VisualStudioVersion = 15.0.28307.421
MinimumVisualStudioVersion = 10.0.40219.1
Project("{FAE04EC0-301F-11D3-BF4B-00C04F79EFBC}") = "ScooterAPIs", "ScooterAPIs\ScooterAPIs.csproj", "{537B644E-53E7-43F9-A8BE-55F6F92189FC}"
EndProject
Global
	GlobalSection(SolutionConfigurationPlatforms) = preSolution
		Debug|Any CPU = Debug|Any CPU
		Release|Any CPU = Release|Any CPU
	EndGlobalSection
	GlobalSection(ProjectConfigurationPlatforms) = postSolution
		{537B644E-53E7-43F9-A8BE-55F6F92189FC}.Debug|Any CPU.ActiveCfg = Debug|Any CPU
		{537B644E-53E7-43F9-A8BE-55F6F92189FC}.Debug|Any CPU.Build.0 = Debug|Any CPU
		{537B644E-53E7-43F9-A8BE-55F6F92189FC}.Release|Any CPU.ActiveCfg = Release|Any CPU
		{537B644E-53E7-43F9-A8BE-55F6F92189FC}.Release|Any CPU.Build.0 = Release|Any CPU
	EndGlobalSection
	GlobalSection(SolutionProperties) = preSolution
		HideSolutionNode = FALSE
	EndGlobalSection
	GlobalSection(ExtensibilityGlobals) = postSolution
		SolutionGuid = {0E927CF7-79E3-460D-A5A2-03692540BCCC}
	EndGlobalSection
EndGlobal
